
Microsoft Visual Studio Solution File, Format Version 12.00
# Visual Studio 2015
Project("{FAE04EC0-301F-11D3-BF4B-00C04F79EFBC}") = "NinjaNick", "Assembly-CSharp.csproj", "{5EA47E62-8BE7-AA31-9621-0A1EC7D47908}"
EndProject
Project("{FAE04EC0-301F-11D3-BF4B-00C04F79EFBC}") = "NinjaNick", "Assembly-CSharp-Editor.csproj", "{B4261904-D4BF-4374-32E2-38359EEE18A7}"
EndProject
Global
	GlobalSection(SolutionConfigurationPlatforms) = preSolution
		Debug|Any CPU = Debug|Any CPU
		Release|Any CPU = Release|Any CPU
	EndGlobalSection
	GlobalSection(ProjectConfigurationPlatforms) = postSolution
		{5EA47E62-8BE7-AA31-9621-0A1EC7D47908}.Debug|Any CPU.ActiveCfg = Debug|Any CPU
		{5EA47E62-8BE7-AA31-9621-0A1EC7D47908}.Debug|Any CPU.Build.0 = Debug|Any CPU
		{5EA47E62-8BE7-AA31-9621-0A1EC7D47908}.Release|Any CPU.ActiveCfg = Release|Any CPU
		{5EA47E62-8BE7-AA31-9621-0A1EC7D47908}.Release|Any CPU.Build.0 = Release|Any CPU
		{B4261904-D4BF-4374-32E2-38359EEE18A7}.Debug|Any CPU.ActiveCfg = Debug|Any CPU
		{B4261904-D4BF-4374-32E2-38359EEE18A7}.Debug|Any CPU.Build.0 = Debug|Any CPU
		{B4261904-D4BF-4374-32E2-38359EEE18A7}.Release|Any CPU.ActiveCfg = Release|Any CPU
		{B4261904-D4BF-4374-32E2-38359EEE18A7}.Release|Any CPU.Build.0 = Release|Any CPU
	EndGlobalSection
	GlobalSection(SolutionProperties) = preSolution
		HideSolutionNode = FALSE
	EndGlobalSection
EndGlobal
